
Microsoft Visual Studio Solution File, Format Version 12.00
# Visual Studio 15
VisualStudioVersion = 15.0.26403.7
MinimumVisualStudioVersion = 10.0.40219.1
Project("{9A19103F-16F7-4668-BE54-9A1E7A4F7556}") = "DS.Unity.Extensions.DependencyInjection", "src\DS.Unity.Extensions.DependencyInjection\DS.Unity.Extensions.DependencyInjection.csproj", "{68254F7F-ADE2-4833-8481-FAE098D9DF89}"
EndProject
Project("{9A19103F-16F7-4668-BE54-9A1E7A4F7556}") = "DS.Unity.Extensions.DependencyInjection.Tests", "test\DS.Unity.Extensions.DependencyInjection.Tests\DS.Unity.Extensions.DependencyInjection.Tests.csproj", "{C26EE857-02B7-4F81-B114-AF5537673422}"
EndProject
Project("{FAE04EC0-301F-11D3-BF4B-00C04F79EFBC}") = "DS.Unity.Extensions.DependencyInjection.Sample", "sample\DS.Unity.Extensions.DependencyInjection.Sample\DS.Unity.Extensions.DependencyInjection.Sample.csproj", "{AAA5F3A4-BEAC-4B07-9862-D115D037DB84}"
EndProject
Project("{FAE04EC0-301F-11D3-BF4B-00C04F79EFBC}") = "DS.Unity.Extensions.DependencyInjection.SpecificationTests", "test\DS.Unity.Extensions.DependencyInjection.SpecificationTests\DS.Unity.Extensions.DependencyInjection.SpecificationTests.csproj", "{9736519F-EA1C-445C-8CF9-EE0AE17FCF1D}"
EndProject
Global
	GlobalSection(SolutionConfigurationPlatforms) = preSolution
		Debug|Any CPU = Debug|Any CPU
		Release|Any CPU = Release|Any CPU
	EndGlobalSection
	GlobalSection(ProjectConfigurationPlatforms) = postSolution
		{68254F7F-ADE2-4833-8481-FAE098D9DF89}.Debug|Any CPU.ActiveCfg = Debug|Any CPU
		{68254F7F-ADE2-4833-8481-FAE098D9DF89}.Debug|Any CPU.Build.0 = Debug|Any CPU
		{68254F7F-ADE2-4833-8481-FAE098D9DF89}.Release|Any CPU.ActiveCfg = Release|Any CPU
		{68254F7F-ADE2-4833-8481-FAE098D9DF89}.Release|Any CPU.Build.0 = Release|Any CPU
		{C26EE857-02B7-4F81-B114-AF5537673422}.Debug|Any CPU.ActiveCfg = Debug|Any CPU
		{C26EE857-02B7-4F81-B114-AF5537673422}.Debug|Any CPU.Build.0 = Debug|Any CPU
		{C26EE857-02B7-4F81-B114-AF5537673422}.Release|Any CPU.ActiveCfg = Release|Any CPU
		{C26EE857-02B7-4F81-B114-AF5537673422}.Release|Any CPU.Build.0 = Release|Any CPU
		{AAA5F3A4-BEAC-4B07-9862-D115D037DB84}.Debug|Any CPU.ActiveCfg = Debug|Any CPU
		{AAA5F3A4-BEAC-4B07-9862-D115D037DB84}.Debug|Any CPU.Build.0 = Debug|Any CPU
		{AAA5F3A4-BEAC-4B07-9862-D115D037DB84}.Release|Any CPU.ActiveCfg = Release|Any CPU
		{AAA5F3A4-BEAC-4B07-9862-D115D037DB84}.Release|Any CPU.Build.0 = Release|Any CPU
		{9736519F-EA1C-445C-8CF9-EE0AE17FCF1D}.Debug|Any CPU.ActiveCfg = Debug|Any CPU
		{9736519F-EA1C-445C-8CF9-EE0AE17FCF1D}.Debug|Any CPU.Build.0 = Debug|Any CPU
		{9736519F-EA1C-445C-8CF9-EE0AE17FCF1D}.Release|Any CPU.ActiveCfg = Release|Any CPU
		{9736519F-EA1C-445C-8CF9-EE0AE17FCF1D}.Release|Any CPU.Build.0 = Release|Any CPU
	EndGlobalSection
	GlobalSection(SolutionProperties) = preSolution
		HideSolutionNode = FALSE
	EndGlobalSection
EndGlobal
